PODS:
  - Alamofire (5.4.4)
  - SVProgressHUD (2.2.5)

DEPENDENCIES:
  - Alamofire (= 5.4.4)
  - SVProgressHUD (= 2.2.5)

SPEC REPOS:
  trunk:
    - Alamofire
    - SVProgressHUD

SPEC CHECKSUMS:
  Alamofire: f3b09a368f1582ab751b3fff5460276e0d2cf5c9
  SVProgressHUD: 1428aafac632c1f86f62aa4243ec12008d7a51d6

PODFILE CHECKSUM: 529cb800be317a070db114d00ce2aa8fc98c58e7

COCOAPODS: 1.11.2
